
Microsoft Visual Studio Solution File, Format Version 12.00
# Visual Studio Version 16
VisualStudioVersion = 16.0.31205.134
MinimumVisualStudioVersion = 10.0.40219.1
Project("{FAE04EC0-301F-11D3-BF4B-00C04F79EFBC}") = "aum-launcher", "aum-launcher\aum-launcher.csproj", "{299BA644-55FE-498B-9F3C-94BE638C2056}"
EndProject
Global
	GlobalSection(SolutionConfigurationPlatforms) = preSolution
		Debug|Any CPU = Debug|Any CPU
		Release|Any CPU = Release|Any CPU
	EndGlobalSection
	GlobalSection(ProjectConfigurationPlatforms) = postSolution
		{299BA644-55FE-498B-9F3C-94BE638C2056}.Debug|Any CPU.ActiveCfg = Debug|Any CPU
		{299BA644-55FE-498B-9F3C-94BE638C2056}.Debug|Any CPU.Build.0 = Debug|Any CPU
		{299BA644-55FE-498B-9F3C-94BE638C2056}.Release|Any CPU.ActiveCfg = Release|Any CPU
		{299BA644-55FE-498B-9F3C-94BE638C2056}.Release|Any CPU.Build.0 = Release|Any CPU
	EndGlobalSection
	GlobalSection(SolutionProperties) = preSolution
		HideSolutionNode = FALSE
	EndGlobalSection
	GlobalSection(ExtensibilityGlobals) = postSolution
		SolutionGuid = {7FD4152E-6B3A-4DF9-9F64-D816873CADAA}
	EndGlobalSection
EndGlobal
